
Microsoft Visual Studio Solution File, Format Version 12.00
# Visual Studio 14
VisualStudioVersion = 14.0.25420.1
MinimumVisualStudioVersion = 10.0.40219.1
Project("{FAE04EC0-301F-11D3-BF4B-00C04F79EFBC}") = "BowlingProject", "BowlingProject\BowlingProject.csproj", "{459C4D03-2816-4E32-AF6E-F13E0AD5005F}"
EndProject
Project("{FAE04EC0-301F-11D3-BF4B-00C04F79EFBC}") = "BowlingProject.Tests", "BowlingProject.Tests\BowlingProject.Tests.csproj", "{B64B78DA-DE62-4352-90BA-30887483F8B9}"
EndProject
Global
	GlobalSection(SolutionConfigurationPlatforms) = preSolution
		Debug|Any CPU = Debug|Any CPU
		Release|Any CPU = Release|Any CPU
	EndGlobalSection
	GlobalSection(ProjectConfigurationPlatforms) = postSolution
		{459C4D03-2816-4E32-AF6E-F13E0AD5005F}.Debug|Any CPU.ActiveCfg = Debug|Any CPU
		{459C4D03-2816-4E32-AF6E-F13E0AD5005F}.Debug|Any CPU.Build.0 = Debug|Any CPU
		{459C4D03-2816-4E32-AF6E-F13E0AD5005F}.Release|Any CPU.ActiveCfg = Release|Any CPU
		{459C4D03-2816-4E32-AF6E-F13E0AD5005F}.Release|Any CPU.Build.0 = Release|Any CPU
		{B64B78DA-DE62-4352-90BA-30887483F8B9}.Debug|Any CPU.ActiveCfg = Debug|Any CPU
		{B64B78DA-DE62-4352-90BA-30887483F8B9}.Debug|Any CPU.Build.0 = Debug|Any CPU
		{B64B78DA-DE62-4352-90BA-30887483F8B9}.Release|Any CPU.ActiveCfg = Release|Any CPU
		{B64B78DA-DE62-4352-90BA-30887483F8B9}.Release|Any CPU.Build.0 = Release|Any CPU
	EndGlobalSection
	GlobalSection(SolutionProperties) = preSolution
		HideSolutionNode = FALSE
	EndGlobalSection
EndGlobal
